// !$*UTF8*$!
{
	archiveVersion = 1;
	classes = {
	};
	objectVersion = 46;
	objects = {

/* Begin PBXBuildFile section */
		CEB771951D304600000BF0F9 /* AppDelegate.swift in Sources */ = {isa = PBXBuildFile; fileRef = CEB771941D304600000BF0F9 /* AppDelegate.swift */; };
		CEB771971D304600000BF0F9 /* ViewController.swift in Sources */ = {isa = PBXBuildFile; fileRef = CEB771961D304600000BF0F9 /* ViewController.swift */; };
		CEB7719A1D304600000BF0F9 /* Main.storyboard in Resources */ = {isa = PBXBuildFile; fileRef = CEB771981D304600000BF0F9 /* Main.storyboard */; };
		CEB7719C1D304600000BF0F9 /* Assets.xcassets in Resources */ = {isa = PBXBuildFile; fileRef = CEB7719B1D304600000BF0F9 /* Assets.xcassets */; };
		CEB7719F1D304600000BF0F9 /* LaunchScreen.storyboard in Resources */ = {isa = PBXBuildFile; fileRef = CEB7719D1D304600000BF0F9 /* LaunchScreen.storyboard */; };
		CEB771AA1D304600000BF0F9 /* calculatorTests.swift in Sources */ = {isa = PBXBuildFile; fileRef = CEB771A91D304600000BF0F9 /* calculatorTests.swift */; };
		CEB771B51D304600000BF0F9 /* calculatorUITests.swift in Sources */ = {isa = PBXBuildFile; fileRef = CEB771B41D304600000BF0F9 /* calculatorUITests.swift */; };
		CEB771C31D30BD7F000BF0F9 /* btn.wav in Resources */ = {isa = PBXBuildFile; fileRef = CEB771C21D30BD7F000BF0F9 /* btn.wav */; settings = {ASSET_TAGS = (); }; };
/* End PBXBuildFile section */

/* Begin PBXContainerItemProxy section */
		CEB771A61D304600000BF0F9 /* PBXContainerItemProxy */ = {
			isa = PBXContainerItemProxy;
			containerPortal = CEB771891D304600000BF0F9 /* Project object */;
			proxyType = 1;
			remoteGlobalIDString = CEB771901D304600000BF0F9;
			remoteInfo = calculator;
		};
		CEB771B11D304600000BF0F9 /* PBXContainerItemProxy */ = {
			isa = PBXContainerItemProxy;
			containerPortal = CEB771891D304600000BF0F9 /* Project object */;
			proxyType = 1;
			remoteGlobalIDString = CEB771901D304600000BF0F9;
			remoteInfo = calculator;
		};
/* End PBXContainerItemProxy section */

/* Begin PBXFileReference section */
		CEB771911D304600000BF0F9 /* calculator.app */ = {isa = PBXFileReference; explicitFileType = wrapper.application; includeInIndex = 0; path = calculator.app; sourceTree = BUILT_PRODUCTS_DIR; };
		CEB771941D304600000BF0F9 /* AppDelegate.swift */ = {isa = PBXFileReference; lastKnownFileType = sourcecode.swift; path = AppDelegate.swift; sourceTree = "<group>"; };
		CEB771961D304600000BF0F9 /* ViewController.swift */ = {isa = PBXFileReference; lastKnownFileType = sourcecode.swift; path = ViewController.swift; sourceTree = "<group>"; };
		CEB771991D304600000BF0F9 /* Base */ = {isa = PBXFileReference; lastKnownFileType = file.storyboard; name = Base; path = Base.lproj/Main.storyboard; sourceTree = "<group>"; };
		CEB7719B1D304600000BF0F9 /* Assets.xcassets */ = {isa = PBXFileReference; lastKnownFileType = folder.assetcatalog; path = Assets.xcassets; sourceTree = "<group>"; };
		CEB7719E1D304600000BF0F9 /* Base */ = {isa = PBXFileReference; lastKnownFileType = file.storyboard; name = Base; path = Base.lproj/LaunchScreen.storyboard; sourceTree = "<group>"; };
		CEB771A01D304600000BF0F9 /* Info.plist */ = {isa = PBXFileReference; lastKnownFileType = text.plist.xml; path = Info.plist; sourceTree = "<group>"; };
		CEB771A51D304600000BF0F9 /* calculatorTests.xctest */ = {isa = PBXFileReference; explicitFileType = wrapper.cfbundle; includeInIndex = 0; path = calculatorTests.xctest; sourceTree = BUILT_PRODUCTS_DIR; };
		CEB771A91D304600000BF0F9 /* calculatorTests.swift */ = {isa = PBXFileReference; lastKnownFileType = sourcecode.swift; path = calculatorTests.swift; sourceTree = "<group>"; };
		CEB771AB1D304600000BF0F9 /* Info.plist */ = {isa = PBXFileReference; lastKnownFileType = text.plist.xml; path = Info.plist; sourceTree = "<group>"; };
		CEB771B01D304600000BF0F9 /* calculatorUITests.xctest */ = {isa = PBXFileReference; explicitFileType = wrapper.cfbundle; includeInIndex = 0; path = calculatorUITests.xctest; sourceTree = BUILT_PRODUCTS_DIR; };
		CEB771B41D304600000BF0F9 /* calculatorUITests.swift */ = {isa = PBXFileReference; lastKnownFileType = sourcecode.swift; path = calculatorUITests.swift; sourceTree = "<group>"; };
		CEB771B61D304600000BF0F9 /* Info.plist */ = {isa = PBXFileReference; lastKnownFileType = text.plist.xml; path = Info.plist; sourceTree = "<group>"; };
		CEB771C21D30BD7F000BF0F9 /* btn.wav */ = {isa = PBXFileReference; lastKnownFileType = audio.wav; path = btn.wav; sourceTree = "<group>"; };
/* End PBXFileReference section */

/* Begin PBXFrameworksBuildPhase section */
		CEB7718E1D304600000BF0F9 /* Frameworks */ = {
			isa = PBXFrameworksBuildPhase;
			buildActionMask = 2147483647;
			files = (
			);
			runOnlyForDeploymentPostprocessing = 0;
		};
		CEB771A21D304600000BF0F9 /* Frameworks */ = {
			isa = PBXFrameworksBuildPhase;
			buildActionMask = 2147483647;
			files = (
			);
			runOnlyForDeploymentPostprocessing = 0;
		};
		CEB771AD1D304600000BF0F9 /* Frameworks */ = {
			isa = PBXFrameworksBuildPhase;
			buildActionMask = 2147483647;
			files = (
			);
			runOnlyForDeploymentPostprocessing = 0;
		};
/* End PBXFrameworksBuildPhase section */

/* Begin PBXGroup section */
		CEB771881D304600000BF0F9 = {
			isa = PBXGroup;
			children = (
				CEB771931D304600000BF0F9 /* calculator */,
				CEB771A81D304600000BF0F9 /* calculatorTests */,
				CEB771B31D304600000BF0F9 /* calculatorUITests */,
				CEB771921D304600000BF0F9 /* Products */,
			);
			sourceTree = "<group>";
		};
		CEB771921D304600000BF0F9 /* Products */ = {
			isa = PBXGroup;
			children = (
				CEB771911D304600000BF0F9 /* calculator.app */,
				CEB771A51D304600000BF0F9 /* calculatorTests.xctest */,
				CEB771B01D304600000BF0F9 /* calculatorUITests.xctest */,
			);
			name = Products;
			sourceTree = "<group>";
		};
		CEB771931D304600000BF0F9 /* calculator */ = {
			isa = PBXGroup;
			children = (
				CEB771941D304600000BF0F9 /* AppDelegate.swift */,
				CEB771C21D30BD7F000BF0F9 /* btn.wav */,
				CEB771961D304600000BF0F9 /* ViewController.swift */,
				CEB771981D304600000BF0F9 /* Main.storyboard */,
				CEB7719B1D304600000BF0F9 /* Assets.xcassets */,
				CEB7719D1D304600000BF0F9 /* LaunchScreen.storyboard */,
				CEB771A01D304600000BF0F9 /* Info.plist */,
			);
			path = calculator;
			sourceTree = "<group>";
		};
		CEB771A81D304600000BF0F9 /* calculatorTests */ = {
			isa = PBXGroup;
			children = (
				CEB771A91D304600000BF0F9 /* calculatorTests.swift */,
				CEB771AB1D304600000BF0F9 /* Info.plist */,
			);
			path = calculatorTests;
			sourceTree = "<group>";
		};
		CEB771B31D304600000BF0F9 /* calculatorUITests */ = {
			isa = PBXGroup;
			children = (
				CEB771B41D304600000BF0F9 /* calculatorUITests.swift */,
				CEB771B61D304600000BF0F9 /* Info.plist */,
			);
			path = calculatorUITests;
			sourceTree = "<group>";
		};
/* End PBXGroup section */

/* Begin PBXNativeTarget section */
		CEB771901D304600000BF0F9 /* calculator */ = {
			isa = PBXNativeTarget;
			buildConfigurationList = CEB771B91D304600000BF0F9 /* Build configuration list for PBXNativeTarget "calculator" */;
			buildPhases = (
				CEB7718D1D304600000BF0F9 /* Sources */,
				CEB7718E1D304600000BF0F9 /* Frameworks */,
				CEB7718F1D304600000BF0F9 /* Resources */,
			);
			buildRules = (
			);
			dependencies = (
			);
			name = calculator;
			productName = calculator;
			productReference = CEB771911D304600000BF0F9 /* calculator.app */;
			productType = "com.apple.product-type.application";
		};
		CEB771A41D304600000BF0F9 /* calculatorTests */ = {
			isa = PBXNativeTarget;
			buildConfigurationList = CEB771BC1D304600000BF0F9 /* Build configuration list for PBXNativeTarget "calculatorTests" */;
			buildPhases = (
				CEB771A11D304600000BF0F9 /* Sources */,
				CEB771A21D304600000BF0F9 /* Frameworks */,
				CEB771A31D304600000BF0F9 /* Resources */,
			);
			buildRules = (
			);
			dependencies = (
				CEB771A71D304600000BF0F9 /* PBXTargetDependency */,
			);
			name = calculatorTests;
			productName = calculatorTests;
			productReference = CEB771A51D304600000BF0F9 /* calculatorTests.xctest */;
			productType = "com.apple.product-type.bundle.unit-test";
		};
		CEB771AF1D304600000BF0F9 /* calculatorUITests */ = {
			isa = PBXNativeTarget;
			buildConfigurationList = CEB771BF1D304600000BF0F9 /* Build configuration list for PBXNativeTarget "calculatorUITests" */;
			buildPhases = (
				CEB771AC1D304600000BF0F9 /* Sources */,
				CEB771AD1D304600000BF0F9 /* Frameworks */,
				CEB771AE1D304600000BF0F9 /* Resources */,
			);
			buildRules = (
			);
			dependencies = (
				CEB771B21D304600000BF0F9 /* PBXTargetDependency */,
			);
			name = calculatorUITests;
			productName = calculatorUITests;
			productReference = CEB771B01D304600000BF0F9 /* calculatorUITests.xctest */;
			productType = "com.apple.product-type.bundle.ui-testing";
		};
/* End PBXNativeTarget section */

/* Begin PBXProject section */
		CEB771891D304600000BF0F9 /* Project object */ = {
			isa = PBXProject;
			attributes = {
				LastUpgradeCheck = 0700;
				ORGANIZATIONNAME = user;
				TargetAttributes = {
					CEB771901D304600000BF0F9 = {
						CreatedOnToolsVersion = 7.0.1;
					};
					CEB771A41D304600000BF0F9 = {
						CreatedOnToolsVersion = 7.0.1;
						TestTargetID = CEB771901D304600000BF0F9;
					};
					CEB771AF1D304600000BF0F9 = {
						CreatedOnToolsVersion = 7.0.1;
						TestTargetID = CEB771901D304600000BF0F9;
					};
				};
			};
			buildConfigurationList = CEB7718C1D304600000BF0F9 /* Build configuration list for PBXProject "calculator" */;
			compatibilityVersion = "Xcode 3.2";
			developmentRegion = English;
			hasScannedForEncodings = 0;
			knownRegions = (
				en,
				Base,
			);
			mainGroup = CEB771881D304600000BF0F9;
			productRefGroup = CEB771921D304600000BF0F9 /* Products */;
			projectDirPath = "";
			projectRoot = "";
			targets = (
				CEB771901D304600000BF0F9 /* calculator */,
				CEB771A41D304600000BF0F9 /* calculatorTests */,
				CEB771AF1D304600000BF0F9 /* calculatorUITests */,
			);
		};
/* End PBXProject section */

/* Begin PBXResourcesBuildPhase section */
		CEB7718F1D304600000BF0F9 /* Resources */ = {
			isa = PBXResourcesBuildPhase;
			buildActionMask = 2147483647;
			files = (
				CEB7719F1D304600000BF0F9 /* LaunchScreen.storyboard in Resources */,
				CEB7719C1D304600000BF0F9 /* Assets.xcassets in Resources */,
				CEB7719A1D304600000BF0F9 /* Main.storyboard in Resources */,
				CEB771C31D30BD7F000BF0F9 /* btn.wav in Resources */,
			);
			runOnlyForDeploymentPostprocessing = 0;
		};
		CEB771A31D304600000BF0F9 /* Resources */ = {
			isa = PBXResourcesBuildPhase;
			buildActionMask = 2147483647;
			files = (
			);
			runOnlyForDeploymentPostprocessing = 0;
		};
		CEB771AE1D304600000BF0F9 /* Resources */ = {
			isa = PBXResourcesBuildPhase;
			buildActionMask = 2147483647;
			files = (
			);
			runOnlyForDeploymentPostprocessing = 0;
		};
/* End PBXResourcesBuildPhase section */

/* Begin PBXSourcesBuildPhase section */
		CEB7718D1D304600000BF0F9 /* Sources */ = {
			isa = PBXSourcesBuildPhase;
			buildActionMask = 2147483647;
			files = (
				CEB771971D304600000BF0F9 /* ViewController.swift in Sources */,
				CEB771951D304600000BF0F9 /* AppDelegate.swift in Sources */,
			);
			runOnlyForDeploymentPostprocessing = 0;
		};
		CEB771A11D304600000BF0F9 /* Sources */ = {
			isa = PBXSourcesBuildPhase;
			buildActionMask = 2147483647;
			files = (
				CEB771AA1D304600000BF0F9 /* calculatorTests.swift in Sources */,
			);
			runOnlyForDeploymentPostprocessing = 0;
		};
		CEB771AC1D304600000BF0F9 /* Sources */ = {
			isa = PBXSourcesBuildPhase;
			buildActionMask = 2147483647;
			files = (
				CEB771B51D304600000BF0F9 /* calculatorUITests.swift in Sources */,
			);
			runOnlyForDeploymentPostprocessing = 0;
		};
/* End PBXSourcesBuildPhase section */

/* Begin PBXTargetDependency section */
		CEB771A71D304600000BF0F9 /* PBXTargetDependency */ = {
			isa = PBXTargetDependency;
			target = CEB771901D304600000BF0F9 /* calculator */;
			targetProxy = CEB771A61D304600000BF0F9 /* PBXContainerItemProxy */;
		};
		CEB771B21D304600000BF0F9 /* PBXTargetDependency */ = {
			isa = PBXTargetDependency;
			target = CEB771901D304600000BF0F9 /* calculator */;
			targetProxy = CEB771B11D304600000BF0F9 /* PBXContainerItemProxy */;
		};
/* End PBXTargetDependency section */

/* Begin PBXVariantGroup section */
		CEB771981D304600000BF0F9 /* Main.storyboard */ = {
			isa = PBXVariantGroup;
			children = (
				CEB771991D304600000BF0F9 /* Base */,
			);
			name = Main.storyboard;
			sourceTree = "<group>";
		};
		CEB7719D1D304600000BF0F9 /* LaunchScreen.storyboard */ = {
			isa = PBXVariantGroup;
			children = (
				CEB7719E1D304600000BF0F9 /* Base */,
			);
			name = LaunchScreen.storyboard;
			sourceTree = "<group>";
		};
/* End PBXVariantGroup section */

/* Begin XCBuildConfiguration section */
		CEB771B71D304600000BF0F9 /* Debug */ = {
			isa = XCBuildConfiguration;
			buildSettings = {
				ALWAYS_SEARCH_USER_PATHS = NO;
				CLANG_CXX_LANGUAGE_STANDARD = "gnu++0x";
				CLANG_CXX_LIBRARY = "libc++";
				CLANG_ENABLE_MODULES = YES;
				CLANG_ENABLE_OBJC_ARC = YES;
				CLANG_WARN_BOOL_CONVERSION = YES;
				CLANG_WARN_CONSTANT_CONVERSION = YES;
				CLANG_WARN_DIRECT_OBJC_ISA_USAGE = YES_ERROR;
				CLANG_WARN_EMPTY_BODY = YES;
				CLANG_WARN_ENUM_CONVERSION = YES;
				CLANG_WARN_INT_CONVERSION = YES;
				CLANG_WARN_OBJC_ROOT_CLASS = YES_ERROR;
				CLANG_WARN_UNREACHABLE_CODE = YES;
				CLANG_WARN__DUPLICATE_METHOD_MATCH = YES;
				"CODE_SIGN_IDENTITY[sdk=iphoneos*]" = "iPhone Developer";
				COPY_PHASE_STRIP = NO;
				DEBUG_INFORMATION_FORMAT = dwarf;
				ENABLE_STRICT_OBJC_MSGSEND = YES;
				ENABLE_TESTABILITY = YES;
				GCC_C_LANGUAGE_STANDARD = gnu99;
				GCC_DYNAMIC_NO_PIC = NO;
				GCC_NO_COMMON_BLOCKS = YES;
				GCC_OPTIMIZATION_LEVEL = 0;
				GCC_PREPROCESSOR_DEFINITIONS = (
					"DEBUG=1",
					"$(inherited)",
				);
				GCC_WARN_64_TO_32_BIT_CONVERSION = YES;
				GCC_WARN_ABOUT_RETURN_TYPE = YES_ERROR;
				GCC_WARN_UNDECLARED_SELECTOR = YES;
				GCC_WARN_UNINITIALIZED_AUTOS = YES_AGGRESSIVE;
				GCC_WARN_UNUSED_FUNCTION = YES;
				GCC_WARN_UNUSED_VARIABLE = YES;
				IPHONEOS_DEPLOYMENT_TARGET = 9.0;
				MTL_ENABLE_DEBUG_INFO = YES;
				ONLY_ACTIVE_ARCH = YES;
				SDKROOT = iphoneos;
				SWIFT_OPTIMIZATION_LEVEL = "-Onone";
			};
			name = Debug;
		};
		CEB771B81D304600000BF0F9 /* Release */ = {
			isa = XCBuildConfiguration;
			buildSettings = {
				ALWAYS_SEARCH_USER_PATHS = NO;
				CLANG_CXX_LANGUAGE_STANDARD = "gnu++0x";
				CLANG_CXX_LIBRARY = "libc++";
				CLANG_ENABLE_MODULES = YES;
				CLANG_ENABLE_OBJC_ARC = YES;
				CLANG_WARN_BOOL_CONVERSION = YES;
				CLANG_WARN_CONSTANT_CONVERSION = YES;
				CLANG_WARN_DIRECT_OBJC_ISA_USAGE = YES_ERROR;
				CLANG_WARN_EMPTY_BODY = YES;
				CLANG_WARN_ENUM_CONVERSION = YES;
				CLANG_WARN_INT_CONVERSION = YES;
				CLANG_WARN_OBJC_ROOT_CLASS = YES_ERROR;
				CLANG_WARN_UNREACHABLE_CODE = YES;
				CLANG_WARN__DUPLICATE_METHOD_MATCH = YES;
				"CODE_SIGN_IDENTITY[sdk=iphoneos*]" = "iPhone Developer";
				COPY_PHASE_STRIP = NO;
				DEBUG_INFORMATION_FORMAT = "dwarf-with-dsym";
				ENABLE_NS_ASSERTIONS = NO;
				ENABLE_STRICT_OBJC_MSGSEND = YES;
				GCC_C_LANGUAGE_STANDARD = gnu99;
				GCC_NO_COMMON_BLOCKS = YES;
				GCC_WARN_64_TO_32_BIT_CONVERSION = YES;
				GCC_WARN_ABOUT_RETURN_TYPE = YES_ERROR;
				GCC_WARN_UNDECLARED_SELECTOR = YES;
				GCC_WARN_UNINITIALIZED_AUTOS = YES_AGGRESSIVE;
				GCC_WARN_UNUSED_FUNCTION = YES;
				GCC_WARN_UNUSED_VARIABLE = YES;
				IPHONEOS_DEPLOYMENT_TARGET = 9.0;
				MTL_ENABLE_DEBUG_INFO = NO;
				SDKROOT = iphoneos;
				VALIDATE_PRODUCT = YES;
			};
			name = Release;
		};
		CEB771BA1D304600000BF0F9 /* Debug */ = {
			isa = XCBuildConfiguration;
			buildSettings = {
				ASSETCATALOG_COMPILER_APPICON_NAME = AppIcon;
				INFOPLIST_FILE = calculator/Info.plist;
				LD_RUNPATH_SEARCH_PATHS = "$(inherited) @executable_path/Frameworks";
				PRODUCT_BUNDLE_IDENTIFIER = com.ysh.calculator;
				PRODUCT_NAME = "$(TARGET_NAME)";
			};
			name = Debug;
		};
		CEB771BB1D304600000BF0F9 /* Release */ = {
			isa = XCBuildConfiguration;
			buildSettings = {
				ASSETCATALOG_COMPILER_APPICON_NAME = AppIcon;
				INFOPLIST_FILE = calculator/Info.plist;
				LD_RUNPATH_SEARCH_PATHS = "$(inherited) @executable_path/Frameworks";
				PRODUCT_BUNDLE_IDENTIFIER = com.ysh.calculator;
				PRODUCT_NAME = "$(TARGET_NAME)";
			};
			name = Release;
		};
		CEB771BD1D304600000BF0F9 /* Debug */ = {
			isa = XCBuildConfiguration;
			buildSettings = {
				BUNDLE_LOADER = "$(TEST_HOST)";
				INFOPLIST_FILE = calculatorTests/Info.plist;
				LD_RUNPATH_SEARCH_PATHS = "$(inherited) @executable_path/Frameworks @loader_path/Frameworks";
				PRODUCT_BUNDLE_IDENTIFIER = com.ysh.calculatorTests;
				PRODUCT_NAME = "$(TARGET_NAME)";
				TEST_HOST = "$(BUILT_PRODUCTS_DIR)/calculator.app/calculator";
			};
			name = Debug;
		};
		CEB771BE1D304600000BF0F9 /* Release */ = {
			isa = XCBuildConfiguration;
			buildSettings = {
				BUNDLE_LOADER = "$(TEST_HOST)";
				INFOPLIST_FILE = calculatorTests/Info.plist;
				LD_RUNPATH_SEARCH_PATHS = "$(inherited) @executable_path/Frameworks @loader_path/Frameworks";
				PRODUCT_BUNDLE_IDENTIFIER = com.ysh.calculatorTests;
				PRODUCT_NAME = "$(TARGET_NAME)";
				TEST_HOST = "$(BUILT_PRODUCTS_DIR)/calculator.app/calculator";
			};
			name = Release;
		};
		CEB771C01D304600000BF0F9 /* Debug */ = {
			isa = XCBuildConfiguration;
			buildSettings = {
				INFOPLIST_FILE = calculatorUITests/Info.plist;
				LD_RUNPATH_SEARCH_PATHS = "$(inherited) @executable_path/Frameworks @loader_path/Frameworks";
				PRODUCT_BUNDLE_IDENTIFIER = com.ysh.calculatorUITests;
				PRODUCT_NAME = "$(TARGET_NAME)";
				TEST_TARGET_NAME = calculator;
				USES_XCTRUNNER = YES;
			};
			name = Debug;
		};
		CEB771C11D304600000BF0F9 /* Release */ = {
			isa = XCBuildConfiguration;
			buildSettings = {
				INFOPLIST_FILE = calculatorUITests/Info.plist;
				LD_RUNPATH_SEARCH_PATHS = "$(inherited) @executable_path/Frameworks @loader_path/Frameworks";
				PRODUCT_BUNDLE_IDENTIFIER = com.ysh.calculatorUITests;
				PRODUCT_NAME = "$(TARGET_NAME)";
				TEST_TARGET_NAME = calculator;
				USES_XCTRUNNER = YES;
			};
			name = Release;
		};
/* End XCBuildConfiguration section */

/* Begin XCConfigurationList section */
		CEB7718C1D304600000BF0F9 /* Build configuration list for PBXProject "calculator" */ = {
			isa = XCConfigurationList;
			buildConfigurations = (
				CEB771B71D304600000BF0F9 /* Debug */,
				CEB771B81D304600000BF0F9 /* Release */,
			);
			defaultConfigurationIsVisible = 0;
			defaultConfigurationName = Release;
		};
		CEB771B91D304600000BF0F9 /* Build configuration list for PBXNativeTarget "calculator" */ = {
			isa = XCConfigurationList;
			buildConfigurations = (
				CEB771BA1D304600000BF0F9 /* Debug */,
				CEB771BB1D304600000BF0F9 /* Release */,
			);
			defaultConfigurationIsVisible = 0;
		};
		CEB771BC1D304600000BF0F9 /* Build configuration list for PBXNativeTarget "calculatorTests" */ = {
			isa = XCConfigurationList;
			buildConfigurations = (
				CEB771BD1D304600000BF0F9 /* Debug */,
				CEB771BE1D304600000BF0F9 /* Release */,
			);
			defaultConfigurationIsVisible = 0;
		};
		CEB771BF1D304600000BF0F9 /* Build configuration list for PBXNativeTarget "calculatorUITests" */ = {
			isa = XCConfigurationList;
			buildConfigurations = (
				CEB771C01D304600000BF0F9 /* Debug */,
				CEB771C11D304600000BF0F9 /* Release */,
			);
			defaultConfigurationIsVisible = 0;
		};
/* End XCConfigurationList section */
	};
	rootObject = CEB771891D304600000BF0F9 /* Project object */;
}
